{
  "name": "VueTest",
  "version": "0.0.0",
  "lockfileVersion": 1,
  "requires": true,
  "dependencies": {
    "@blocks/module-placeholder": {
      "version": "git+https://git.qapint.com/ewizardjs/edetailer/blocks/module-placeholder.git#f3a3d79ba3adbaa80df5e03ee1ff9b475632dba0",
      "from": "git+https://git.qapint.com/ewizardjs/edetailer/blocks/module-placeholder.git#1.0.2",
      "requires": {
        "wiz-block": "git+https://git.qapint.com/ewizardjs/edetailer/components/wiz-block.git#1.0.1"
      }
    },
    "animejs": {
      "version": "3.2.1",
      "resolved": "https://registry.npmjs.org/animejs/-/animejs-3.2.1.tgz",
      "integrity": "sha512-sWno3ugFryK5nhiDm/2BKeFCpZv7vzerWUcUPyAZLDhMek3+S/p418ldZJbJXo5ZUOpfm2kP2XRO4NJcULMy9A=="
    },
    "axios": {
      "version": "0.21.1",
      "resolved": "https://registry.npmjs.org/axios/-/axios-0.21.1.tgz",
      "integrity": "sha512-dKQiRHxGD9PPRIUNIWvZhPTPpl1rf/OxTYKsqKUDjBwYylTvV7SjSHJb9ratfyzM6wCdLCOYLzs73qpg5c4iGA==",
      "requires": {
        "follow-redirects": "^1.10.0"
      }
    },
    "clm-systems": {
      "version": "git+https://git@git.qapint.com/ewizardjs/core/clm-systems.git#bf9ae18a4225b81cdbdb70d2fd7ed3eb5b935519",
      "from": "git+https://git@git.qapint.com/ewizardjs/core/clm-systems.git#0.0.1"
    },
    "clone": {
      "version": "2.1.2",
      "resolved": "https://registry.npmjs.org/clone/-/clone-2.1.2.tgz",
      "integrity": "sha1-G39Ln1kfHo+DZwQBYANFoCiHQ18="
    },
    "component-types": {
      "version": "git+https://git@git.qapint.com/ewizardjs/core/component-types.git#6d7a70444343faf06c08b9061281dae8dd60e8fd",
      "from": "git+https://git@git.qapint.com/ewizardjs/core/component-types.git#1.4.1"
    },
    "content-types": {
      "version": "git+https://git.qapint.com/ewizardjs/core/content-types.git#87a09a21ff9d2358bc9bfe9f5ed66fb20fb579cf",
      "from": "git+https://git.qapint.com/ewizardjs/core/content-types.git#1.1.0"
    },
    "decompose-matrix3d": {
      "version": "git+https://git.qapint.com/ewizardjs/decompose-matrix3d.git#c16a3418bdfaa0ce280d5a494bfd0c6ef7bd8395",
      "from": "git+https://git.qapint.com/ewizardjs/decompose-matrix3d.git#0.1.0",
      "requires": {
        "mat4-decompose": "^1.0.4"
      }
    },
    "deep-assign": {
      "version": "2.0.0",
      "resolved": "https://registry.npmjs.org/deep-assign/-/deep-assign-2.0.0.tgz",
      "integrity": "sha1-6+BrHwfwja5ZdiDj3RYi83GhxXI=",
      "requires": {
        "is-obj": "^1.0.0"
      }
    },
    "dom-events": {
      "version": "git+https://git@git.qapint.com/ewizardjs/dom-events.git#6ee784801a040ef99d926a5066f2253a223c01ac",
      "from": "git+https://git@git.qapint.com/ewizardjs/dom-events.git#1.1.0"
    },
    "dot-prop": {
      "version": "4.2.1",
      "resolved": "https://registry.npmjs.org/dot-prop/-/dot-prop-4.2.1.tgz",
      "integrity": "sha512-l0p4+mIuJIua0mhxGoh4a+iNL9bmeK5DvnSVQa6T0OhrVmaEa1XScX5Etc673FePCJOArq/4Pa2cLGODUWTPOQ==",
      "requires": {
        "is-obj": "^1.0.0"
      }
    },
    "es6-promise": {
      "version": "4.2.8",
      "resolved": "https://registry.npmjs.org/es6-promise/-/es6-promise-4.2.8.tgz",
      "integrity": "sha512-HJDGx5daxeIvxdBxvG2cb9g4tEvwIk3i8+nhX0yGrYmZUzbkdg8QbDevheDB8gd0//uPj4c1EQua8Q+MViT0/w=="
    },
    "ev-emitter": {
      "version": "1.1.1",
      "resolved": "https://registry.npmjs.org/ev-emitter/-/ev-emitter-1.1.1.tgz",
      "integrity": "sha512-ipiDYhdQSCZ4hSbX4rMW+XzNKMD1prg/sTvoVmSLkuQ1MVlwjJQQA+sW8tMYR3BLUr9KjodFV4pvzunvRhd33Q=="
    },
    "ewizardjs": {
      "version": "git+https://git@git.qapint.com/ewizardjs/ewizardjs.git#34413d30af080956d9ad0a2cda279238cdc08437",
      "from": "git+https://git@git.qapint.com/ewizardjs/ewizardjs.git#5.5.1",
      "requires": {
        "animejs": "^3.2.1",
        "clm-systems": "git+https://git@git.qapint.com/ewizardjs/core/clm-systems.git#0.0.1",
        "clone": "^2.1.2",
        "decompose-matrix3d": "git+https://git.qapint.com/ewizardjs/decompose-matrix3d.git#0.1.0",
        "dom-events": "git+https://git@git.qapint.com/ewizardjs/dom-events.git#1.1.0",
        "hammerjs": "~2.0.8",
        "imagesloaded": "^4.1.4",
        "merge-options": "^2.0.0",
        "mitt": "^2.1.0",
        "monitoring": "git+https://git@git.qapint.com/ewizardjs/core/monitoring.git#1.6.1",
        "navigator": "git+https://git@git.qapint.com/ewizardjs/core/navigator.git#1.19.7",
        "references": "git+https://git@git.qapint.com/ewizardjs/core/references.git#1.0.2",
        "rematrix": "^0.7.2",
        "settings": "git+https://git@git.qapint.com/ewizardjs/core/settings.git#2.7.1",
        "site-navigator": "git+https://git@git.qapint.com/ewizardjs/core/site-navigator.git#1.2.0",
        "structure": "git+https://git@git.qapint.com/ewizardjs/core/structure.git#1.3.4",
        "system-settings": "git+https://git@git.qapint.com/ewizardjs/system-settings.git#2.8.0",
        "vue": "~2.6.10",
        "vue-i18n": "^8.24.4"
      },
      "dependencies": {
        "vue-i18n": {
          "version": "8.24.4",
          "resolved": "https://registry.npmjs.org/vue-i18n/-/vue-i18n-8.24.4.tgz",
          "integrity": "sha512-RZE94WUAGxEiBAANxQ0pptbRwDkNKNSXl3fnJslpFOxVMF6UkUtMDSuYGuW2blDrVgweIXVpethOVkYoNNT9xw=="
        }
      }
    },
    "fast-deep-equal": {
      "version": "2.0.1",
      "resolved": "https://registry.npmjs.org/fast-deep-equal/-/fast-deep-equal-2.0.1.tgz",
      "integrity": "sha1-ewUhjd+WZ79/Nwv3/bLLFf3Qqkk="
    },
    "follow-redirects": {
      "version": "1.14.1",
      "resolved": "https://registry.npmjs.org/follow-redirects/-/follow-redirects-1.14.1.tgz",
      "integrity": "sha512-HWqDgT7ZEkqRzBvc2s64vSZ/hfOceEol3ac/7tKwzuvEyWx3/4UegXh5oBOIotkGsObyk3xznnSRVADBgWSQVg=="
    },
    "gl-mat4": {
      "version": "1.2.0",
      "resolved": "https://registry.npmjs.org/gl-mat4/-/gl-mat4-1.2.0.tgz",
      "integrity": "sha512-sT5C0pwB1/e9G9AvAoLsoaJtbMGjfd/jfxo8jMCKqYYEnjZuFvqV5rehqar0538EmssjdDeiEWnKyBSTw7quoA=="
    },
    "gl-vec3": {
      "version": "1.1.3",
      "resolved": "https://registry.npmjs.org/gl-vec3/-/gl-vec3-1.1.3.tgz",
      "integrity": "sha512-jduKUqT0SGH02l8Yl+mV1yVsDfYgQAJyXGxkJQGyxPLHRiW25DwVIRPt6uvhrEMHftJfqhqKthRcyZqNEl9Xdw=="
    },
    "hammerjs": {
      "version": "2.0.8",
      "resolved": "https://registry.npmjs.org/hammerjs/-/hammerjs-2.0.8.tgz",
      "integrity": "sha1-BO93hiz/K7edMPdpIJWTAiK/YPE="
    },
    "imagesloaded": {
      "version": "4.1.4",
      "resolved": "https://registry.npmjs.org/imagesloaded/-/imagesloaded-4.1.4.tgz",
      "integrity": "sha512-ltiBVcYpc/TYTF5nolkMNsnREHW+ICvfQ3Yla2Sgr71YFwQ86bDwV9hgpFhFtrGPuwEx5+LqOHIrdXBdoWwwsA==",
      "requires": {
        "ev-emitter": "^1.0.0"
      }
    },
    "irep-api": {
      "version": "git+https://git@git.qapint.com/cobalt/irep-api.git#5d6924cbb993b0fb9c9c3aa4ca43108ac69dc148",
      "from": "git+https://git@git.qapint.com/cobalt/irep-api.git#1.1.0",
      "requires": {
        "es6-promise": "^4.2.4",
        "object-assign": "^4.1.1",
        "promise-queue": "^2.2.5"
      }
    },
    "is-obj": {
      "version": "1.0.1",
      "resolved": "https://registry.npmjs.org/is-obj/-/is-obj-1.0.1.tgz",
      "integrity": "sha1-PkcprB9f3gJc19g6iW2rn09n2w8="
    },
    "is-plain-obj": {
      "version": "2.1.0",
      "resolved": "https://registry.npmjs.org/is-plain-obj/-/is-plain-obj-2.1.0.tgz",
      "integrity": "sha512-YWnfyRwxL/+SsrWYfOpUtz5b3YD+nyfkHvjbcanzk8zgyO4ASD67uVMRt8k5bM4lLMDnXfriRhOpemw+NfT1eA=="
    },
    "js-sha1": {
      "version": "0.6.0",
      "resolved": "https://registry.npmjs.org/js-sha1/-/js-sha1-0.6.0.tgz",
      "integrity": "sha512-01gwBFreYydzmU9BmZxpVk6svJJHrVxEN3IOiGl6VO93bVKYETJ0sIth6DASI6mIFdt7NmfX9UiByRzsYHGU9w=="
    },
    "jssha": {
      "version": "2.4.2",
      "resolved": "https://registry.npmjs.org/jssha/-/jssha-2.4.2.tgz",
      "integrity": "sha512-/jsi/9C0S70zfkT/4UlKQa5E1xKurDnXcQizcww9JSR/Fv+uIbWM2btG+bFcL3iNoK9jIGS0ls9HWLr1iw0kFg=="
    },
    "lodash-template": {
      "version": "1.0.0",
      "resolved": "https://registry.npmjs.org/lodash-template/-/lodash-template-1.0.0.tgz",
      "integrity": "sha1-jQjZMBRzqqhh46JnN5Q4Pxg/ytk="
    },
    "mat4-decompose": {
      "version": "1.0.4",
      "resolved": "https://registry.npmjs.org/mat4-decompose/-/mat4-decompose-1.0.4.tgz",
      "integrity": "sha1-ZetP451wh496RE60Yk1S9+frL68=",
      "requires": {
        "gl-mat4": "^1.0.1",
        "gl-vec3": "^1.0.2"
      }
    },
    "merge": {
      "version": "1.2.1",
      "resolved": "https://registry.npmjs.org/merge/-/merge-1.2.1.tgz",
      "integrity": "sha512-VjFo4P5Whtj4vsLzsYBu5ayHhoHJ0UqNm7ibvShmbmoz7tGi0vXaoJbGdB+GmDMLUdg8DpQXEIeVDAe8MaABvQ=="
    },
    "merge-options": {
      "version": "2.0.0",
      "resolved": "https://registry.npmjs.org/merge-options/-/merge-options-2.0.0.tgz",
      "integrity": "sha512-S7xYIeWHl2ZUKF7SDeBhGg6rfv5bKxVBdk95s/I7wVF8d+hjLSztJ/B271cnUiF6CAFduEQ5Zn3HYwAjT16DlQ==",
      "requires": {
        "is-plain-obj": "^2.0.0"
      }
    },
    "mitt": {
      "version": "2.1.0",
      "resolved": "https://registry.npmjs.org/mitt/-/mitt-2.1.0.tgz",
      "integrity": "sha512-ILj2TpLiysu2wkBbWjAmww7TkZb65aiQO+DkVdUTBpBXq+MHYiETENkKFMtsJZX1Lf4pe4QOrTSjIfUwN5lRdg=="
    },
    "monitoring": {
      "version": "git+https://git@git.qapint.com/ewizardjs/core/monitoring.git#8e48da1502911717c726b84f91a66b12cd3b945e",
      "from": "git+https://git@git.qapint.com/ewizardjs/core/monitoring.git#1.6.1",
      "requires": {
        "irep-api": "git+https://git@git.qapint.com/cobalt/irep-api.git#1.1.0"
      }
    },
    "navigator": {
      "version": "git+https://git@git.qapint.com/ewizardjs/core/navigator.git#9ab687b3d03e5f35d97a9c835d8dd6cb1cb3e20b",
      "from": "git+https://git@git.qapint.com/ewizardjs/core/navigator.git#1.19.7",
      "requires": {
        "fast-deep-equal": "^2.0.1",
        "irep-api": "git+https://git@git.qapint.com/cobalt/irep-api.git#1.1.0",
        "js-sha1": "^0.6.0",
        "settings": "git+https://git@git.qapint.com/ewizardjs/core/settings.git#1.5.0",
        "structure": "git+https://git@git.qapint.com/ewizardjs/core/structure.git#1.3.4",
        "uniqid": "^5.0.3",
        "vue-router": "^3.0.1"
      },
      "dependencies": {
        "settings": {
          "version": "git+https://git@git.qapint.com/ewizardjs/core/settings.git#2bf41c905f513de3b8eb38f8e9abed3347a6f57b",
          "from": "git+https://git@git.qapint.com/ewizardjs/core/settings.git#1.5.0",
          "requires": {
            "dot-prop": "^4.2.0",
            "lodash-template": "^1.0.0",
            "merge": "^1.2.0",
            "system-settings": "git+https://git@git.qapint.com/ewizardjs/system-settings.git#2.3.0"
          }
        },
        "system-settings": {
          "version": "git+https://git@git.qapint.com/ewizardjs/system-settings.git#cf0e3fd5ef4fe369657c377fbcf5a38a1ce9351d",
          "from": "git+https://git@git.qapint.com/ewizardjs/system-settings.git#2.3.0",
          "requires": {
            "content-types": "git+https://git.qapint.com/ewizardjs/core/content-types.git#1.1.0",
            "deep-assign": "^2.0.0",
            "dot-prop": "^4.2.0"
          }
        }
      }
    },
    "object-assign": {
      "version": "4.1.1",
      "resolved": "https://registry.npmjs.org/object-assign/-/object-assign-4.1.1.tgz",
      "integrity": "sha1-IQmtx5ZYh8/AXLvUQsrIv7s2CGM="
    },
    "promise-queue": {
      "version": "2.2.5",
      "resolved": "https://registry.npmjs.org/promise-queue/-/promise-queue-2.2.5.tgz",
      "integrity": "sha1-L29ffA9tCBCelnZZx5uIqe1ek7Q="
    },
    "references": {
      "version": "git+https://git@git.qapint.com/ewizardjs/core/references.git#5d80e3e6eb36338f28064e1441a14ad3a31fc10a",
      "from": "git+https://git@git.qapint.com/ewizardjs/core/references.git#1.0.2"
    },
    "rematrix": {
      "version": "0.7.2",
      "resolved": "https://registry.npmjs.org/rematrix/-/rematrix-0.7.2.tgz",
      "integrity": "sha512-NYLmE17dX15eUPhngLMTKlRYwATxEhcRdn9LKtk/iOXHxDKglCZnD2MrMLKwLlB5FX8u9kF/9yMhlQJpeDcuPw=="
    },
    "settings": {
      "version": "git+https://git@git.qapint.com/ewizardjs/core/settings.git#3a83ea2e3667f9b7a60a826ca9a60ef8dc021add",
      "from": "git+https://git@git.qapint.com/ewizardjs/core/settings.git#2.7.1",
      "requires": {
        "dot-prop": "^5.3.0",
        "lodash-template": "^1.0.0",
        "merge": "^2.1.1",
        "string-to-regexp": "^0.1.0",
        "system-settings": "git+https://git@git.qapint.com/ewizardjs/system-settings.git#2.6.0"
      },
      "dependencies": {
        "dot-prop": {
          "version": "5.3.0",
          "resolved": "https://registry.npmjs.org/dot-prop/-/dot-prop-5.3.0.tgz",
          "integrity": "sha512-QM8q3zDe58hqUqjraQOmzZ1LIH9SWQJTlEKCH4kJ2oQvLZk7RbQXvtDM2XEq3fwkV9CCvvH4LA0AV+ogFsBM2Q==",
          "requires": {
            "is-obj": "^2.0.0"
          }
        },
        "is-obj": {
          "version": "2.0.0",
          "resolved": "https://registry.npmjs.org/is-obj/-/is-obj-2.0.0.tgz",
          "integrity": "sha512-drqDG3cbczxxEJRoOXcOjtdp1J/lyp1mNn0xaznRs8+muBhgQcrnbspox5X5fOw0HnMnbfDzvnEMEtqDEJEo8w=="
        },
        "merge": {
          "version": "2.1.1",
          "resolved": "https://registry.npmjs.org/merge/-/merge-2.1.1.tgz",
          "integrity": "sha512-jz+Cfrg9GWOZbQAnDQ4hlVnQky+341Yk5ru8bZSe6sIDTCIg8n9i/u7hSQGSVOF3C7lH6mGtqjkiT9G4wFLL0w=="
        },
        "system-settings": {
          "version": "git+https://git@git.qapint.com/ewizardjs/system-settings.git#48921ba0510e1ec010655861a895afec2e9b54bb",
          "from": "git+https://git@git.qapint.com/ewizardjs/system-settings.git#2.6.0",
          "requires": {
            "content-types": "git+https://git.qapint.com/ewizardjs/core/content-types.git#1.1.0",
            "deep-assign": "^2.0.0",
            "dot-prop": "^4.2.0"
          },
          "dependencies": {
            "dot-prop": {
              "version": "4.2.1",
              "resolved": "https://registry.npmjs.org/dot-prop/-/dot-prop-4.2.1.tgz",
              "integrity": "sha512-l0p4+mIuJIua0mhxGoh4a+iNL9bmeK5DvnSVQa6T0OhrVmaEa1XScX5Etc673FePCJOArq/4Pa2cLGODUWTPOQ==",
              "requires": {
                "is-obj": "^1.0.0"
              }
            },
            "is-obj": {
              "version": "1.0.1",
              "resolved": "https://registry.npmjs.org/is-obj/-/is-obj-1.0.1.tgz",
              "integrity": "sha1-PkcprB9f3gJc19g6iW2rn09n2w8="
            }
          }
        }
      }
    },
    "site-navigator": {
      "version": "git+https://git@git.qapint.com/ewizardjs/core/site-navigator.git#1430d2df65930308422c7d7aa7f1e83d3a55acd5",
      "from": "git+https://git@git.qapint.com/ewizardjs/core/site-navigator.git#1.2.0",
      "requires": {
        "jssha": "^2.3.1",
        "uniqid": "^5.0.3",
        "vue-router": "^3.0.1"
      }
    },
    "string-to-regexp": {
      "version": "0.1.0",
      "resolved": "https://registry.npmjs.org/string-to-regexp/-/string-to-regexp-0.1.0.tgz",
      "integrity": "sha1-8wSeFU46gnpK8AQlMhmTY1lgD68="
    },
    "structure": {
      "version": "git+https://git@git.qapint.com/ewizardjs/core/structure.git#8a80e563252cbb608a2659cc8ec0ec773f43e9c0",
      "from": "git+https://git@git.qapint.com/ewizardjs/core/structure.git#1.3.4"
    },
    "system-settings": {
      "version": "git+https://git@git.qapint.com/ewizardjs/system-settings.git#3de2bdcf40a6ed228c42830fb1bd499a6a9a4682",
      "from": "git+https://git@git.qapint.com/ewizardjs/system-settings.git#2.8.0",
      "requires": {
        "content-types": "git+https://git.qapint.com/ewizardjs/core/content-types.git#1.1.0",
        "deep-assign": "^2.0.0",
        "dot-prop": "^6.0.1"
      },
      "dependencies": {
        "dot-prop": {
          "version": "6.0.1",
          "resolved": "https://registry.npmjs.org/dot-prop/-/dot-prop-6.0.1.tgz",
          "integrity": "sha512-tE7ztYzXHIeyvc7N+hR3oi7FIbf/NIjVP9hmAt3yMXzrQ072/fpjGLx2GxNxGxUl5V73MEqYzioOMoVhGMJ5cA==",
          "requires": {
            "is-obj": "^2.0.0"
          }
        },
        "is-obj": {
          "version": "2.0.0",
          "resolved": "https://registry.npmjs.org/is-obj/-/is-obj-2.0.0.tgz",
          "integrity": "sha512-drqDG3cbczxxEJRoOXcOjtdp1J/lyp1mNn0xaznRs8+muBhgQcrnbspox5X5fOw0HnMnbfDzvnEMEtqDEJEo8w=="
        }
      }
    },
    "uniqid": {
      "version": "5.3.0",
      "resolved": "https://registry.npmjs.org/uniqid/-/uniqid-5.3.0.tgz",
      "integrity": "sha512-Jq8EzvAT8/CcLu8tzoSiylnzPkNhJJKpnMT964Dj1jI4pG4sKYP9aFVByNTp8KzMvYlW1Um63PCDqtOoujNzrA=="
    },
    "vue": {
      "version": "2.6.13",
      "resolved": "https://registry.npmjs.org/vue/-/vue-2.6.13.tgz",
      "integrity": "sha512-O+pAdJkce1ooYS1XyoQtpBQr9An+Oys3w39rkqxukVO3ZD1ilYJkWBGoRuadiQEm2LLJnCL2utV4TMSf52ubjw=="
    },
    "vue-i18n": {
      "version": "7.2.0",
      "resolved": "https://registry.npmjs.org/vue-i18n/-/vue-i18n-7.2.0.tgz",
      "integrity": "sha512-lIh75J2syGvr8bMfKK/mhtUi/LX3LeeS1ISNvPgOd7x5XomoTgMJpf3bm8z3nb4CeoFflPxaPQEhXg/VEoLTQQ=="
    },
    "vue-router": {
      "version": "3.5.1",
      "resolved": "https://registry.npmjs.org/vue-router/-/vue-router-3.5.1.tgz",
      "integrity": "sha512-RRQNLT8Mzr8z7eL4p7BtKvRaTSGdCbTy2+Mm5HTJvLGYSSeG9gDzNasJPP/yOYKLy+/cLG/ftrqq5fvkFwBJEw=="
    },
    "vuex": {
      "version": "3.1.3",
      "resolved": "https://registry.npmjs.org/vuex/-/vuex-3.1.3.tgz",
      "integrity": "sha512-k8vZqNMSNMgKelVZAPYw5MNb2xWSmVgCKtYKAptvm9YtZiOXnRXFWu//Y9zQNORTrm3dNj1n/WaZZI26tIX6Mw=="
    },
    "wiz-block": {
      "version": "git+https://git.qapint.com/ewizardjs/edetailer/components/wiz-block.git#9e8209b15e1088c7ec68b73574de1063ace52daf",
      "from": "git+https://git.qapint.com/ewizardjs/edetailer/components/wiz-block.git#1.0.1",
      "requires": {
        "component-types": "git+https://git@git.qapint.com/ewizardjs/core/component-types.git#1.4.1"
      }
    },
    "wiz-button": {
      "version": "git+https://git@git.qapint.com/ewizardjs/edetailer/components/wiz-button.git#721211c7ca220d48096474911a86bf695967b630",
      "from": "git+https://git@git.qapint.com/ewizardjs/edetailer/components/wiz-button.git#3.0.4",
      "requires": {
        "component-types": "git+https://git.qapint.com/ewizardjs/core/component-types.git#1.3.0",
        "wiz-text": "git+https://git.qapint.com/ewizardjs/edetailer/components/wiz-text.git#v1.3.2"
      },
      "dependencies": {
        "component-types": {
          "version": "git+https://git.qapint.com/ewizardjs/core/component-types.git#c92b5e015298b313fd80cf3292f45ec5740726bb",
          "from": "git+https://git.qapint.com/ewizardjs/core/component-types.git#1.3.0"
        },
        "wiz-text": {
          "version": "git+https://git.qapint.com/ewizardjs/edetailer/components/wiz-text.git#828c0110792ed8df24b417b3a3fa02dfe94b7e5b",
          "from": "git+https://git.qapint.com/ewizardjs/edetailer/components/wiz-text.git#v1.3.2",
          "requires": {
            "component-types": "git+https://git.qapint.com/ewizardjs/core/component-types.git"
          },
          "dependencies": {
            "component-types": {
              "version": "git+https://git.qapint.com/ewizardjs/core/component-types.git#24acce9b4cb983791d4ee5bab48c2da6f6bb5102",
              "from": "git+https://git.qapint.com/ewizardjs/core/component-types.git"
            }
          }
        }
      }
    },
    "wiz-image": {
      "version": "git+https://git@git.qapint.com/ewizardjs/edetailer/components/wiz-image.git#b2fd5d45e6f6919f1e6a6673e9ada530fb56ec84",
      "from": "git+https://git@git.qapint.com/ewizardjs/edetailer/components/wiz-image.git#1.4.4",
      "requires": {
        "component-types": "git+https://git.qapint.com/ewizardjs/core/component-types.git"
      },
      "dependencies": {
        "component-types": {
          "version": "git+https://git.qapint.com/ewizardjs/core/component-types.git#24acce9b4cb983791d4ee5bab48c2da6f6bb5102",
          "from": "git+https://git.qapint.com/ewizardjs/core/component-types.git"
        }
      }
    },
    "wiz-list": {
      "version": "git+https://git.qapint.com/ewizardjs/edetailer/components/wiz-list.git#3f1ead590445735be8ac91b26fd84f4920faf6e1",
      "from": "git+https://git.qapint.com/ewizardjs/edetailer/components/wiz-list.git",
      "requires": {
        "component-types": "git+https://git.qapint.com/ewizardjs/core/component-types.git",
        "wiz-image": "git+https://git.qapint.com/ewizardjs/edetailer/components/wiz-image.git#v1.1.0",
        "wiz-text": "git+https://git.qapint.com/ewizardjs/edetailer/components/wiz-text.git#v1.1.0"
      },
      "dependencies": {
        "component-types": {
          "version": "git+https://git.qapint.com/ewizardjs/core/component-types.git#24acce9b4cb983791d4ee5bab48c2da6f6bb5102",
          "from": "git+https://git.qapint.com/ewizardjs/core/component-types.git"
        },
        "wiz-image": {
          "version": "git+https://git.qapint.com/ewizardjs/edetailer/components/wiz-image.git#fc70dcaaa5e7809765bf8015b8d242879844ec6a",
          "from": "git+https://git.qapint.com/ewizardjs/edetailer/components/wiz-image.git#v1.1.0",
          "requires": {
            "component-types": "git+https://git.qapint.com/ewizardjs/core/component-types.git"
          }
        },
        "wiz-text": {
          "version": "git+https://git.qapint.com/ewizardjs/edetailer/components/wiz-text.git#1ad3bd31871d3651f0638728a8046b4de32c8749",
          "from": "git+https://git.qapint.com/ewizardjs/edetailer/components/wiz-text.git#v1.1.0",
          "requires": {
            "component-types": "git+https://git.qapint.com/ewizardjs/core/component-types.git"
          }
        }
      }
    },
    "wiz-text": {
      "version": "git+https://git@git.qapint.com/ewizardjs/edetailer/components/wiz-text.git#8fa049895691107e6ab71a20f9306a42a2d5c5a8",
      "from": "git+https://git@git.qapint.com/ewizardjs/edetailer/components/wiz-text.git#2.0.1",
      "requires": {
        "component-types": "git+https://git.qapint.com/ewizardjs/core/component-types.git"
      },
      "dependencies": {
        "component-types": {
          "version": "git+https://git.qapint.com/ewizardjs/core/component-types.git#24acce9b4cb983791d4ee5bab48c2da6f6bb5102",
          "from": "git+https://git.qapint.com/ewizardjs/core/component-types.git"
        }
      }
    }
  }
}
